
Microsoft Visual Studio Solution File, Format Version 12.00
# Visual Studio Version 17
VisualStudioVersion = 17.2.32526.322
MinimumVisualStudioVersion = 10.0.40219.1
Project("{8BC9CEB8-8B4A-11D0-8D11-00A0C91BC942}") = "PM1", "PM1.vcxproj", "{B1366929-5FE9-413B-93D5-915BB8945AA2}"
EndProject
Global
	GlobalSection(SolutionConfigurationPlatforms) = preSolution
		Debug|x64 = Debug|x64
		Debug|x86 = Debug|x86
		Release|x64 = Release|x64
		Release|x86 = Release|x86
	EndGlobalSection
	GlobalSection(ProjectConfigurationPlatforms) = postSolution
		{B1366929-5FE9-413B-93D5-915BB8945AA2}.Debug|x64.ActiveCfg = Debug|x64
		{B1366929-5FE9-413B-93D5-915BB8945AA2}.Debug|x64.Build.0 = Debug|x64
		{B1366929-5FE9-413B-93D5-915BB8945AA2}.Debug|x86.ActiveCfg = Debug|Win32
		{B1366929-5FE9-413B-93D5-915BB8945AA2}.Debug|x86.Build.0 = Debug|Win32
		{B1366929-5FE9-413B-93D5-915BB8945AA2}.Release|x64.ActiveCfg = Release|x64
		{B1366929-5FE9-413B-93D5-915BB8945AA2}.Release|x64.Build.0 = Release|x64
		{B1366929-5FE9-413B-93D5-915BB8945AA2}.Release|x86.ActiveCfg = Release|Win32
		{B1366929-5FE9-413B-93D5-915BB8945AA2}.Release|x86.Build.0 = Release|Win32
	EndGlobalSection
	GlobalSection(SolutionProperties) = preSolution
		HideSolutionNode = FALSE
	EndGlobalSection
	GlobalSection(ExtensibilityGlobals) = postSolution
		SolutionGuid = {016FB09F-BB94-44D2-A0C6-C905108435E9}
	EndGlobalSection
EndGlobal
